
Microsoft Visual Studio Solution File, Format Version 12.00
# Visual Studio 2012
Project("{8BC9CEB8-8B4A-11D0-8D11-00A0C91BC942}") = "AlphaAdd", "AlphaAdd.vcxproj", "{E0E18220-473A-4426-B1A5-8B6D54367901}"
EndProject
Global
	GlobalSection(SolutionConfigurationPlatforms) = preSolution
		Debug|Win32 = Debug|Win32
		Release|Win32 = Release|Win32
	EndGlobalSection
	GlobalSection(ProjectConfigurationPlatforms) = postSolution
		{E0E18220-473A-4426-B1A5-8B6D54367901}.Debug|Win32.ActiveCfg = Release|Win32
		{E0E18220-473A-4426-B1A5-8B6D54367901}.Debug|Win32.Build.0 = Release|Win32
		{E0E18220-473A-4426-B1A5-8B6D54367901}.Release|Win32.ActiveCfg = Release|Win32
		{E0E18220-473A-4426-B1A5-8B6D54367901}.Release|Win32.Build.0 = Release|Win32
	EndGlobalSection
	GlobalSection(SolutionProperties) = preSolution
		HideSolutionNode = FALSE
	EndGlobalSection
EndGlobal
